// !$*UTF8*$!
{
	archiveVersion = 1;
	classes = {
	};
	objectVersion = 77;
	objects = {

/* Begin PBXBuildFile section */
		3878C2582D418AB6001B88D2 /* FirebaseAnalytics in Frameworks */ = {isa = PBXBuildFile; productRef = 3878C2572D418AB6001B88D2 /* FirebaseAnalytics */; };
		3878C25A2D418AB6001B88D2 /* FirebaseAuth in Frameworks */ = {isa = PBXBuildFile; productRef = 3878C2592D418AB6001B88D2 /* FirebaseAuth */; };
		3878C25C2D418AB6001B88D2 /* FirebaseCore in Frameworks */ = {isa = PBXBuildFile; productRef = 3878C25B2D418AB6001B88D2 /* FirebaseCore */; };
		3878C25E2D418AB6001B88D2 /* FirebaseDatabase in Frameworks */ = {isa = PBXBuildFile; productRef = 3878C25D2D418AB6001B88D2 /* FirebaseDatabase */; };
		3878C2602D418AB6001B88D2 /* FirebaseFirestore in Frameworks */ = {isa = PBXBuildFile; productRef = 3878C25F2D418AB6001B88D2 /* FirebaseFirestore */; };
		3878C2622D418AB6001B88D2 /* FirebaseStorage in Frameworks */ = {isa = PBXBuildFile; productRef = 3878C2612D418AB6001B88D2 /* FirebaseStorage */; };
		3878C2642D418ACA001B88D2 /* GoogleSignIn in Frameworks */ = {isa = PBXBuildFile; productRef = 3878C2632D418ACA001B88D2 /* GoogleSignIn */; };
		3878C2662D418ACA001B88D2 /* GoogleSignInSwift in Frameworks */ = {isa = PBXBuildFile; productRef = 3878C2652D418ACA001B88D2 /* GoogleSignInSwift */; };
		3878C26A2D418B92001B88D2 /* FirebaseAppCheck in Frameworks */ = {isa = PBXBuildFile; productRef = 3878C2692D418B92001B88D2 /* FirebaseAppCheck */; };
		3878C2C82D48410D001B88D2 /* FirebaseFunctions in Frameworks */ = {isa = PBXBuildFile; productRef = 3878C2C72D48410D001B88D2 /* FirebaseFunctions */; };
		3878C2CE2D48410D001B88D2 /* FirebaseInstallations in Frameworks */ = {isa = PBXBuildFile; productRef = 3878C2CD2D48410D001B88D2 /* FirebaseInstallations */; };
		3878C2D02D48410D001B88D2 /* FirebaseRemoteConfig in Frameworks */ = {isa = PBXBuildFile; productRef = 3878C2CF2D48410D001B88D2 /* FirebaseRemoteConfig */; };
/* End PBXBuildFile section */

/* Begin PBXContainerItemProxy section */
		3878C1BA2D41893B001B88D2 /* PBXContainerItemProxy */ = {
			isa = PBXContainerItemProxy;
			containerPortal = 38C866AF2D401B66001653CD /* Project object */;
			proxyType = 1;
			remoteGlobalIDString = 3878C1A72D418938001B88D2;
			remoteInfo = VAYCAY;
		};
		3878C1C42D41893B001B88D2 /* PBXContainerItemProxy */ = {
			isa = PBXContainerItemProxy;
			containerPortal = 38C866AF2D401B66001653CD /* Project object */;
			proxyType = 1;
			remoteGlobalIDString = 3878C1A72D418938001B88D2;
			remoteInfo = VAYCAY;
		};
/* End PBXContainerItemProxy section */

/* Begin PBXFileReference section */
		3878C1A82D418938001B88D2 /* VAYCAY.app */ = {isa = PBXFileReference; explicitFileType = wrapper.application; includeInIndex = 0; path = VAYCAY.app; sourceTree = BUILT_PRODUCTS_DIR; };
		3878C1B92D41893B001B88D2 /* VAYCAYTests.xctest */ = {isa = PBXFileReference; explicitFileType = wrapper.cfbundle; includeInIndex = 0; path = VAYCAYTests.xctest; sourceTree = BUILT_PRODUCTS_DIR; };
		3878C1C32D41893B001B88D2 /* VAYCAYUITests.xctest */ = {isa = PBXFileReference; explicitFileType = wrapper.cfbundle; includeInIndex = 0; path = VAYCAYUITests.xctest; sourceTree = BUILT_PRODUCTS_DIR; };
/* End PBXFileReference section */

/* Begin PBXFileSystemSynchronizedRootGroup section */
		3878C1A92D418938001B88D2 /* VAYCAY */ = {
			isa = PBXFileSystemSynchronizedRootGroup;
			path = VAYCAY;
			sourceTree = "<group>";
		};
		38C868282D4029D6001653CD /* Tests */ = {
			isa = PBXFileSystemSynchronizedRootGroup;
			path = Tests;
			sourceTree = "<group>";
		};
/* End PBXFileSystemSynchronizedRootGroup section */

/* Begin PBXFrameworksBuildPhase section */
		3878C1A52D418938001B88D2 /* Frameworks */ = {
			isa = PBXFrameworksBuildPhase;
			buildActionMask = 2147483647;
			files = (
				3878C2582D418AB6001B88D2 /* FirebaseAnalytics in Frameworks */,
				3878C25C2D418AB6001B88D2 /* FirebaseCore in Frameworks */,
				3878C25E2D418AB6001B88D2 /* FirebaseDatabase in Frameworks */,
				3878C2662D418ACA001B88D2 /* GoogleSignInSwift in Frameworks */,
				3878C2D02D48410D001B88D2 /* FirebaseRemoteConfig in Frameworks */,
				3878C2602D418AB6001B88D2 /* FirebaseFirestore in Frameworks */,
				3878C25A2D418AB6001B88D2 /* FirebaseAuth in Frameworks */,
				3878C2622D418AB6001B88D2 /* FirebaseStorage in Frameworks */,
				3878C2C82D48410D001B88D2 /* FirebaseFunctions in Frameworks */,
				3878C2CE2D48410D001B88D2 /* FirebaseInstallations in Frameworks */,
				3878C26A2D418B92001B88D2 /* FirebaseAppCheck in Frameworks */,
				3878C2642D418ACA001B88D2 /* GoogleSignIn in Frameworks */,
			);
			runOnlyForDeploymentPostprocessing = 0;
		};
		3878C1B62D41893B001B88D2 /* Frameworks */ = {
			isa = PBXFrameworksBuildPhase;
			buildActionMask = 2147483647;
			files = (
			);
			runOnlyForDeploymentPostprocessing = 0;
		};
		3878C1C02D41893B001B88D2 /* Frameworks */ = {
			isa = PBXFrameworksBuildPhase;
			buildActionMask = 2147483647;
			files = (
			);
			runOnlyForDeploymentPostprocessing = 0;
		};
/* End PBXFrameworksBuildPhase section */

/* Begin PBXGroup section */
		38C866AE2D401B66001653CD = {
			isa = PBXGroup;
			children = (
				3878C1A92D418938001B88D2 /* VAYCAY */,
				38C868282D4029D6001653CD /* Tests */,
				38C866B82D401B66001653CD /* Products */,
			);
			sourceTree = "<group>";
		};
		38C866B82D401B66001653CD /* Products */ = {
			isa = PBXGroup;
			children = (
				3878C1A82D418938001B88D2 /* VAYCAY.app */,
				3878C1B92D41893B001B88D2 /* VAYCAYTests.xctest */,
				3878C1C32D41893B001B88D2 /* VAYCAYUITests.xctest */,
			);
			name = Products;
			sourceTree = "<group>";
		};
/* End PBXGroup section */

/* Begin PBXNativeTarget section */
		3878C1A72D418938001B88D2 /* VAYCAY */ = {
			isa = PBXNativeTarget;
			buildConfigurationList = 3878C1CB2D41893B001B88D2 /* Build configuration list for PBXNativeTarget "VAYCAY" */;
			buildPhases = (
				3878C1A42D418938001B88D2 /* Sources */,
				3878C1A52D418938001B88D2 /* Frameworks */,
				3878C1A62D418938001B88D2 /* Resources */,
			);
			buildRules = (
			);
			dependencies = (
			);
			fileSystemSynchronizedGroups = (
				3878C1A92D418938001B88D2 /* VAYCAY */,
			);
			name = VAYCAY;
			packageProductDependencies = (
				3878C2572D418AB6001B88D2 /* FirebaseAnalytics */,
				3878C2592D418AB6001B88D2 /* FirebaseAuth */,
				3878C25B2D418AB6001B88D2 /* FirebaseCore */,
				3878C25D2D418AB6001B88D2 /* FirebaseDatabase */,
				3878C25F2D418AB6001B88D2 /* FirebaseFirestore */,
				3878C2612D418AB6001B88D2 /* FirebaseStorage */,
				3878C2632D418ACA001B88D2 /* GoogleSignIn */,
				3878C2652D418ACA001B88D2 /* GoogleSignInSwift */,
				3878C2692D418B92001B88D2 /* FirebaseAppCheck */,
				3878C26B2D418B92001B88D2 /* FirebaseAppDistribution-Beta */,
				3878C2C32D48410D001B88D2 /* FirebaseAuthCombine-Community */,
				3878C2C52D48410D001B88D2 /* FirebaseFirestoreCombine-Community */,
				3878C2C72D48410D001B88D2 /* FirebaseFunctions */,
				3878C2C92D48410D001B88D2 /* FirebaseFunctionsCombine-Community */,
				3878C2CB2D48410D001B88D2 /* FirebaseInAppMessaging-Beta */,
				3878C2CD2D48410D001B88D2 /* FirebaseInstallations */,
				3878C2CF2D48410D001B88D2 /* FirebaseRemoteConfig */,
				3878C2D12D48410D001B88D2 /* FirebaseStorageCombine-Community */,
				3878C2D32D48410D001B88D2 /* FirebaseVertexAI */,
			);
			productName = VAYCAY;
			productReference = 3878C1A82D418938001B88D2 /* VAYCAY.app */;
			productType = "com.apple.product-type.application";
		};
		3878C1B82D41893B001B88D2 /* VAYCAYTests */ = {
			isa = PBXNativeTarget;
			buildConfigurationList = 3878C1CE2D41893B001B88D2 /* Build configuration list for PBXNativeTarget "VAYCAYTests" */;
			buildPhases = (
				3878C1B52D41893B001B88D2 /* Sources */,
				3878C1B62D41893B001B88D2 /* Frameworks */,
				3878C1B72D41893B001B88D2 /* Resources */,
			);
			buildRules = (
			);
			dependencies = (
				3878C1BB2D41893B001B88D2 /* PBXTargetDependency */,
			);
			name = VAYCAYTests;
			packageProductDependencies = (
			);
			productName = VAYCAYTests;
			productReference = 3878C1B92D41893B001B88D2 /* VAYCAYTests.xctest */;
			productType = "com.apple.product-type.bundle.unit-test";
		};
		3878C1C22D41893B001B88D2 /* VAYCAYUITests */ = {
			isa = PBXNativeTarget;
			buildConfigurationList = 3878C1D12D41893B001B88D2 /* Build configuration list for PBXNativeTarget "VAYCAYUITests" */;
			buildPhases = (
				3878C1BF2D41893B001B88D2 /* Sources */,
				3878C1C02D41893B001B88D2 /* Frameworks */,
				3878C1C12D41893B001B88D2 /* Resources */,
			);
			buildRules = (
			);
			dependencies = (
				3878C1C52D41893B001B88D2 /* PBXTargetDependency */,
			);
			name = VAYCAYUITests;
			packageProductDependencies = (
			);
			productName = VAYCAYUITests;
			productReference = 3878C1C32D41893B001B88D2 /* VAYCAYUITests.xctest */;
			productType = "com.apple.product-type.bundle.ui-testing";
		};
/* End PBXNativeTarget section */

/* Begin PBXProject section */
		38C866AF2D401B66001653CD /* Project object */ = {
			isa = PBXProject;
			attributes = {
				BuildIndependentTargetsInParallel = 1;
				LastSwiftUpdateCheck = 1620;
				LastUpgradeCheck = 1620;
				TargetAttributes = {
					3878C1A72D418938001B88D2 = {
						CreatedOnToolsVersion = 16.2;
					};
					3878C1B82D41893B001B88D2 = {
						CreatedOnToolsVersion = 16.2;
						TestTargetID = 3878C1A72D418938001B88D2;
					};
					3878C1C22D41893B001B88D2 = {
						CreatedOnToolsVersion = 16.2;
						TestTargetID = 3878C1A72D418938001B88D2;
					};
				};
			};
			buildConfigurationList = 38C866B22D401B66001653CD /* Build configuration list for PBXProject "VAYCAY" */;
			developmentRegion = en;
			hasScannedForEncodings = 0;
			knownRegions = (
				en,
				Base,
			);
			mainGroup = 38C866AE2D401B66001653CD;
			minimizedProjectReferenceProxies = 1;
			packageReferences = (
				38C866E82D40212C001653CD /* XCRemoteSwiftPackageReference "firebase-ios-sdk" */,
				38C868472D4076F3001653CD /* XCRemoteSwiftPackageReference "GoogleSignIn-iOS" */,
			);
			preferredProjectObjectVersion = 77;
			productRefGroup = 38C866B82D401B66001653CD /* Products */;
			projectDirPath = "";
			projectRoot = "";
			targets = (
				3878C1A72D418938001B88D2 /* VAYCAY */,
				3878C1B82D41893B001B88D2 /* VAYCAYTests */,
				3878C1C22D41893B001B88D2 /* VAYCAYUITests */,
			);
		};
/* End PBXProject section */

/* Begin PBXResourcesBuildPhase section */
		3878C1A62D418938001B88D2 /* Resources */ = {
			isa = PBXResourcesBuildPhase;
			buildActionMask = 2147483647;
			files = (
			);
			runOnlyForDeploymentPostprocessing = 0;
		};
		3878C1B72D41893B001B88D2 /* Resources */ = {
			isa = PBXResourcesBuildPhase;
			buildActionMask = 2147483647;
			files = (
			);
			runOnlyForDeploymentPostprocessing = 0;
		};
		3878C1C12D41893B001B88D2 /* Resources */ = {
			isa = PBXResourcesBuildPhase;
			buildActionMask = 2147483647;
			files = (
			);
			runOnlyForDeploymentPostprocessing = 0;
		};
/* End PBXResourcesBuildPhase section */

/* Begin PBXSourcesBuildPhase section */
		3878C1A42D418938001B88D2 /* Sources */ = {
			isa = PBXSourcesBuildPhase;
			buildActionMask = 2147483647;
			files = (
			);
			runOnlyForDeploymentPostprocessing = 0;
		};
		3878C1B52D41893B001B88D2 /* Sources */ = {
			isa = PBXSourcesBuildPhase;
			buildActionMask = 2147483647;
			files = (
			);
			runOnlyForDeploymentPostprocessing = 0;
		};
		3878C1BF2D41893B001B88D2 /* Sources */ = {
			isa = PBXSourcesBuildPhase;
			buildActionMask = 2147483647;
			files = (
			);
			runOnlyForDeploymentPostprocessing = 0;
		};
/* End PBXSourcesBuildPhase section */

/* Begin PBXTargetDependency section */
		3878C1BB2D41893B001B88D2 /* PBXTargetDependency */ = {
			isa = PBXTargetDependency;
			target = 3878C1A72D418938001B88D2 /* VAYCAY */;
			targetProxy = 3878C1BA2D41893B001B88D2 /* PBXContainerItemProxy */;
		};
		3878C1C52D41893B001B88D2 /* PBXTargetDependency */ = {
			isa = PBXTargetDependency;
			target = 3878C1A72D418938001B88D2 /* VAYCAY */;
			targetProxy = 3878C1C42D41893B001B88D2 /* PBXContainerItemProxy */;
		};
/* End PBXTargetDependency section */

/* Begin XCBuildConfiguration section */
		3878C1CC2D41893B001B88D2 /* Debug */ = {
			isa = XCBuildConfiguration;
			buildSettings = {
				ASSETCATALOG_COMPILER_APPICON_NAME = AppIcon;
				ASSETCATALOG_COMPILER_GLOBAL_ACCENT_COLOR_NAME = AccentColor;
				ASSETCATALOG_COMPILER_INCLUDE_ALL_APPICON_ASSETS = YES;
				CODE_SIGN_STYLE = Automatic;
				CURRENT_PROJECT_VERSION = 1;
				DEVELOPMENT_ASSET_PATHS = "";
				DEVELOPMENT_TEAM = SF3H2NQMBJ;
				ENABLE_PREVIEWS = YES;
				GENERATE_INFOPLIST_FILE = YES;
				INFOPLIST_FILE = VAYCAY/Info.plist;
				INFOPLIST_KEY_UIApplicationSceneManifest_Generation = YES;
				INFOPLIST_KEY_UIApplicationSupportsIndirectInputEvents = YES;
				INFOPLIST_KEY_UILaunchScreen_Generation = YES;
				INFOPLIST_KEY_UISupportedInterfaceOrientations_iPad = "UIInterfaceOrientationPortrait UIInterfaceOrientationPortraitUpsideDown UIInterfaceOrientationLandscapeLeft UIInterfaceOrientationLandscapeRight";
				INFOPLIST_KEY_UISupportedInterfaceOrientations_iPhone = "UIInterfaceOrientationPortrait UIInterfaceOrientationLandscapeLeft UIInterfaceOrientationLandscapeRight";
				LD_RUNPATH_SEARCH_PATHS = (
					"$(inherited)",
					"@executable_path/Frameworks",
				);
				MARKETING_VERSION = 1.0;
				PRODUCT_BUNDLE_IDENTIFIER = adacapstone.VAYCAY;
				PRODUCT_NAME = "$(TARGET_NAME)";
				SWIFT_EMIT_LOC_STRINGS = YES;
				SWIFT_VERSION = 5.0;
				TARGETED_DEVICE_FAMILY = "1,2";
			};
			name = Debug;
		};
		3878C1CD2D41893B001B88D2 /* Release */ = {
			isa = XCBuildConfiguration;
			buildSettings = {
				ASSETCATALOG_COMPILER_APPICON_NAME = AppIcon;
				ASSETCATALOG_COMPILER_GLOBAL_ACCENT_COLOR_NAME = AccentColor;
				ASSETCATALOG_COMPILER_INCLUDE_ALL_APPICON_ASSETS = YES;
				CODE_SIGN_STYLE = Automatic;
				CURRENT_PROJECT_VERSION = 1;
				DEVELOPMENT_ASSET_PATHS = "";
				DEVELOPMENT_TEAM = SF3H2NQMBJ;
				ENABLE_PREVIEWS = YES;
				GENERATE_INFOPLIST_FILE = YES;
				INFOPLIST_FILE = VAYCAY/Info.plist;
				INFOPLIST_KEY_UIApplicationSceneManifest_Generation = YES;
				INFOPLIST_KEY_UIApplicationSupportsIndirectInputEvents = YES;
				INFOPLIST_KEY_UILaunchScreen_Generation = YES;
				INFOPLIST_KEY_UISupportedInterfaceOrientations_iPad = "UIInterfaceOrientationPortrait UIInterfaceOrientationPortraitUpsideDown UIInterfaceOrientationLandscapeLeft UIInterfaceOrientationLandscapeRight";
				INFOPLIST_KEY_UISupportedInterfaceOrientations_iPhone = "UIInterfaceOrientationPortrait UIInterfaceOrientationLandscapeLeft UIInterfaceOrientationLandscapeRight";
				LD_RUNPATH_SEARCH_PATHS = (
					"$(inherited)",
					"@executable_path/Frameworks",
				);
				MARKETING_VERSION = 1.0;
				PRODUCT_BUNDLE_IDENTIFIER = adacapstone.VAYCAY;
				PRODUCT_NAME = "$(TARGET_NAME)";
				SWIFT_EMIT_LOC_STRINGS = YES;
				SWIFT_VERSION = 5.0;
				TARGETED_DEVICE_FAMILY = "1,2";
			};
			name = Release;
		};
		3878C1CF2D41893B001B88D2 /* Debug */ = {
			isa = XCBuildConfiguration;
			buildSettings = {
				BUNDLE_LOADER = "$(TEST_HOST)";
				CODE_SIGN_STYLE = Automatic;
				CURRENT_PROJECT_VERSION = 1;
				DEVELOPMENT_TEAM = SF3H2NQMBJ;
				GENERATE_INFOPLIST_FILE = YES;
				IPHONEOS_DEPLOYMENT_TARGET = 18.2;
				MARKETING_VERSION = 1.0;
				PRODUCT_BUNDLE_IDENTIFIER = adacapstone.VAYCAYTests;
				PRODUCT_NAME = "$(TARGET_NAME)";
				SWIFT_EMIT_LOC_STRINGS = NO;
				SWIFT_VERSION = 5.0;
				TARGETED_DEVICE_FAMILY = "1,2";
				TEST_HOST = "$(BUILT_PRODUCTS_DIR)/VAYCAY.app/$(BUNDLE_EXECUTABLE_FOLDER_PATH)/VAYCAY";
			};
			name = Debug;
		};
		3878C1D02D41893B001B88D2 /* Release */ = {
			isa = XCBuildConfiguration;
			buildSettings = {
				BUNDLE_LOADER = "$(TEST_HOST)";
				CODE_SIGN_STYLE = Automatic;
				CURRENT_PROJECT_VERSION = 1;
				DEVELOPMENT_TEAM = SF3H2NQMBJ;
				GENERATE_INFOPLIST_FILE = YES;
				IPHONEOS_DEPLOYMENT_TARGET = 18.2;
				MARKETING_VERSION = 1.0;
				PRODUCT_BUNDLE_IDENTIFIER = adacapstone.VAYCAYTests;
				PRODUCT_NAME = "$(TARGET_NAME)";
				SWIFT_EMIT_LOC_STRINGS = NO;
				SWIFT_VERSION = 5.0;
				TARGETED_DEVICE_FAMILY = "1,2";
				TEST_HOST = "$(BUILT_PRODUCTS_DIR)/VAYCAY.app/$(BUNDLE_EXECUTABLE_FOLDER_PATH)/VAYCAY";
			};
			name = Release;
		};
		3878C1D22D41893B001B88D2 /* Debug */ = {
			isa = XCBuildConfiguration;
			buildSettings = {
				CODE_SIGN_STYLE = Automatic;
				CURRENT_PROJECT_VERSION = 1;
				DEVELOPMENT_TEAM = SF3H2NQMBJ;
				GENERATE_INFOPLIST_FILE = YES;
				MARKETING_VERSION = 1.0;
				PRODUCT_BUNDLE_IDENTIFIER = adacapstone.VAYCAYUITests;
				PRODUCT_NAME = "$(TARGET_NAME)";
				SWIFT_EMIT_LOC_STRINGS = NO;
				SWIFT_VERSION = 5.0;
				TARGETED_DEVICE_FAMILY = "1,2";
				TEST_TARGET_NAME = VAYCAY;
			};
			name = Debug;
		};
		3878C1D32D41893B001B88D2 /* Release */ = {
			isa = XCBuildConfiguration;
			buildSettings = {
				CODE_SIGN_STYLE = Automatic;
				CURRENT_PROJECT_VERSION = 1;
				DEVELOPMENT_TEAM = SF3H2NQMBJ;
				GENERATE_INFOPLIST_FILE = YES;
				MARKETING_VERSION = 1.0;
				PRODUCT_BUNDLE_IDENTIFIER = adacapstone.VAYCAYUITests;
				PRODUCT_NAME = "$(TARGET_NAME)";
				SWIFT_EMIT_LOC_STRINGS = NO;
				SWIFT_VERSION = 5.0;
				TARGETED_DEVICE_FAMILY = "1,2";
				TEST_TARGET_NAME = VAYCAY;
			};
			name = Release;
		};
		38C866DB2D401B69001653CD /* Debug */ = {
			isa = XCBuildConfiguration;
			baseConfigurationReferenceAnchor = 3878C1A92D418938001B88D2 /* VAYCAY */;
			baseConfigurationReferenceRelativePath = Secrets.xcconfig;
			buildSettings = {
				ALWAYS_SEARCH_USER_PATHS = NO;
				ASSETCATALOG_COMPILER_GENERATE_SWIFT_ASSET_SYMBOL_EXTENSIONS = YES;
				CLANG_ANALYZER_NONNULL = YES;
				CLANG_ANALYZER_NUMBER_OBJECT_CONVERSION = YES_AGGRESSIVE;
				CLANG_CXX_LANGUAGE_STANDARD = "gnu++20";
				CLANG_ENABLE_MODULES = YES;
				CLANG_ENABLE_OBJC_ARC = YES;
				CLANG_ENABLE_OBJC_WEAK = YES;
				CLANG_WARN_BLOCK_CAPTURE_AUTORELEASING = YES;
				CLANG_WARN_BOOL_CONVERSION = YES;
				CLANG_WARN_COMMA = YES;
				CLANG_WARN_CONSTANT_CONVERSION = YES;
				CLANG_WARN_DEPRECATED_OBJC_IMPLEMENTATIONS = YES;
				CLANG_WARN_DIRECT_OBJC_ISA_USAGE = YES_ERROR;
				CLANG_WARN_DOCUMENTATION_COMMENTS = YES;
				CLANG_WARN_EMPTY_BODY = YES;
				CLANG_WARN_ENUM_CONVERSION = YES;
				CLANG_WARN_INFINITE_RECURSION = YES;
				CLANG_WARN_INT_CONVERSION = YES;
				CLANG_WARN_NON_LITERAL_NULL_CONVERSION = YES;
				CLANG_WARN_OBJC_IMPLICIT_RETAIN_SELF = YES;
				CLANG_WARN_OBJC_LITERAL_CONVERSION = YES;
				CLANG_WARN_OBJC_ROOT_CLASS = YES_ERROR;
				CLANG_WARN_QUOTED_INCLUDE_IN_FRAMEWORK_HEADER = YES;
				CLANG_WARN_RANGE_LOOP_ANALYSIS = YES;
				CLANG_WARN_STRICT_PROTOTYPES = YES;
				CLANG_WARN_SUSPICIOUS_MOVE = YES;
				CLANG_WARN_UNGUARDED_AVAILABILITY = YES_AGGRESSIVE;
				CLANG_WARN_UNREACHABLE_CODE = YES;
				CLANG_WARN__DUPLICATE_METHOD_MATCH = YES;
				COPY_PHASE_STRIP = NO;
				DEBUG_INFORMATION_FORMAT = dwarf;
				ENABLE_STRICT_OBJC_MSGSEND = YES;
				ENABLE_TESTABILITY = YES;
				ENABLE_USER_SCRIPT_SANDBOXING = YES;
				FIREBASE_API_KEY = "$(FIREBASE_API_KEY)";
				GCC_C_LANGUAGE_STANDARD = gnu17;
				GCC_DYNAMIC_NO_PIC = NO;
				GCC_NO_COMMON_BLOCKS = YES;
				GCC_OPTIMIZATION_LEVEL = 0;
				GCC_PREPROCESSOR_DEFINITIONS = (
					"DEBUG=1",
					"$(inherited)",
				);
				GCC_WARN_64_TO_32_BIT_CONVERSION = YES;
				GCC_WARN_ABOUT_RETURN_TYPE = YES_ERROR;
				GCC_WARN_UNDECLARED_SELECTOR = YES;
				GCC_WARN_UNINITIALIZED_AUTOS = YES_AGGRESSIVE;
				GCC_WARN_UNUSED_FUNCTION = YES;
				GCC_WARN_UNUSED_VARIABLE = YES;
				GMS_API_KEY = "$(GMS_API_KEY)";
				GOOGLE_PLACES_API_KEY = "$(GOOGLE_PLACES_API_KEY)";
				IPHONEOS_DEPLOYMENT_TARGET = 18.2;
				LOCALIZATION_PREFERS_STRING_CATALOGS = YES;
				MTL_ENABLE_DEBUG_INFO = INCLUDE_SOURCE;
				MTL_FAST_MATH = YES;
				ONLY_ACTIVE_ARCH = YES;
				SDKROOT = iphoneos;
				SWIFT_ACTIVE_COMPILATION_CONDITIONS = "DEBUG $(inherited)";
				SWIFT_OPTIMIZATION_LEVEL = "-Onone";
				UNSPLASH_API_KEY = "$(UNSPLASH_API_KEY)";
			};
			name = Debug;
		};
		38C866DC2D401B69001653CD /* Release */ = {
			isa = XCBuildConfiguration;
			baseConfigurationReferenceAnchor = 3878C1A92D418938001B88D2 /* VAYCAY */;
			baseConfigurationReferenceRelativePath = Secrets.xcconfig;
			buildSettings = {
				ALWAYS_SEARCH_USER_PATHS = NO;
				ASSETCATALOG_COMPILER_GENERATE_SWIFT_ASSET_SYMBOL_EXTENSIONS = YES;
				CLANG_ANALYZER_NONNULL = YES;
				CLANG_ANALYZER_NUMBER_OBJECT_CONVERSION = YES_AGGRESSIVE;
				CLANG_CXX_LANGUAGE_STANDARD = "gnu++20";
				CLANG_ENABLE_MODULES = YES;
				CLANG_ENABLE_OBJC_ARC = YES;
				CLANG_ENABLE_OBJC_WEAK = YES;
				CLANG_WARN_BLOCK_CAPTURE_AUTORELEASING = YES;
				CLANG_WARN_BOOL_CONVERSION = YES;
				CLANG_WARN_COMMA = YES;
				CLANG_WARN_CONSTANT_CONVERSION = YES;
				CLANG_WARN_DEPRECATED_OBJC_IMPLEMENTATIONS = YES;
				CLANG_WARN_DIRECT_OBJC_ISA_USAGE = YES_ERROR;
				CLANG_WARN_DOCUMENTATION_COMMENTS = YES;
				CLANG_WARN_EMPTY_BODY = YES;
				CLANG_WARN_ENUM_CONVERSION = YES;
				CLANG_WARN_INFINITE_RECURSION = YES;
				CLANG_WARN_INT_CONVERSION = YES;
				CLANG_WARN_NON_LITERAL_NULL_CONVERSION = YES;
				CLANG_WARN_OBJC_IMPLICIT_RETAIN_SELF = YES;
				CLANG_WARN_OBJC_LITERAL_CONVERSION = YES;
				CLANG_WARN_OBJC_ROOT_CLASS = YES_ERROR;
				CLANG_WARN_QUOTED_INCLUDE_IN_FRAMEWORK_HEADER = YES;
				CLANG_WARN_RANGE_LOOP_ANALYSIS = YES;
				CLANG_WARN_STRICT_PROTOTYPES = YES;
				CLANG_WARN_SUSPICIOUS_MOVE = YES;
				CLANG_WARN_UNGUARDED_AVAILABILITY = YES_AGGRESSIVE;
				CLANG_WARN_UNREACHABLE_CODE = YES;
				CLANG_WARN__DUPLICATE_METHOD_MATCH = YES;
				COPY_PHASE_STRIP = NO;
				DEBUG_INFORMATION_FORMAT = "dwarf-with-dsym";
				ENABLE_NS_ASSERTIONS = NO;
				ENABLE_STRICT_OBJC_MSGSEND = YES;
				ENABLE_USER_SCRIPT_SANDBOXING = YES;
				FIREBASE_API_KEY = "$(FIREBASE_API_KEY)";
				GCC_C_LANGUAGE_STANDARD = gnu17;
				GCC_NO_COMMON_BLOCKS = YES;
				GCC_WARN_64_TO_32_BIT_CONVERSION = YES;
				GCC_WARN_ABOUT_RETURN_TYPE = YES_ERROR;
				GCC_WARN_UNDECLARED_SELECTOR = YES;
				GCC_WARN_UNINITIALIZED_AUTOS = YES_AGGRESSIVE;
				GCC_WARN_UNUSED_FUNCTION = YES;
				GCC_WARN_UNUSED_VARIABLE = YES;
				GMS_API_KEY = "$(GMS_API_KEY)";
				GOOGLE_PLACES_API_KEY = "$(GOOGLE_PLACES_API_KEY)";
				IPHONEOS_DEPLOYMENT_TARGET = 18.2;
				LOCALIZATION_PREFERS_STRING_CATALOGS = YES;
				MTL_ENABLE_DEBUG_INFO = NO;
				MTL_FAST_MATH = YES;
				SDKROOT = iphoneos;
				SWIFT_COMPILATION_MODE = wholemodule;
				UNSPLASH_API_KEY = "$(UNSPLASH_API_KEY)";
				VALIDATE_PRODUCT = YES;
			};
			name = Release;
		};
/* End XCBuildConfiguration section */

/* Begin XCConfigurationList section */
		3878C1CB2D41893B001B88D2 /* Build configuration list for PBXNativeTarget "VAYCAY" */ = {
			isa = XCConfigurationList;
			buildConfigurations = (
				3878C1CC2D41893B001B88D2 /* Debug */,
				3878C1CD2D41893B001B88D2 /* Release */,
			);
			defaultConfigurationIsVisible = 0;
			defaultConfigurationName = Release;
		};
		3878C1CE2D41893B001B88D2 /* Build configuration list for PBXNativeTarget "VAYCAYTests" */ = {
			isa = XCConfigurationList;
			buildConfigurations = (
				3878C1CF2D41893B001B88D2 /* Debug */,
				3878C1D02D41893B001B88D2 /* Release */,
			);
			defaultConfigurationIsVisible = 0;
			defaultConfigurationName = Release;
		};
		3878C1D12D41893B001B88D2 /* Build configuration list for PBXNativeTarget "VAYCAYUITests" */ = {
			isa = XCConfigurationList;
			buildConfigurations = (
				3878C1D22D41893B001B88D2 /* Debug */,
				3878C1D32D41893B001B88D2 /* Release */,
			);
			defaultConfigurationIsVisible = 0;
			defaultConfigurationName = Release;
		};
		38C866B22D401B66001653CD /* Build configuration list for PBXProject "VAYCAY" */ = {
			isa = XCConfigurationList;
			buildConfigurations = (
				38C866DB2D401B69001653CD /* Debug */,
				38C866DC2D401B69001653CD /* Release */,
			);
			defaultConfigurationIsVisible = 0;
			defaultConfigurationName = Release;
		};
/* End XCConfigurationList section */

/* Begin XCRemoteSwiftPackageReference section */
		38C866E82D40212C001653CD /* XCRemoteSwiftPackageReference "firebase-ios-sdk" */ = {
			isa = XCRemoteSwiftPackageReference;
			repositoryURL = "https://github.com/firebase/firebase-ios-sdk";
			requirement = {
				kind = upToNextMajorVersion;
				minimumVersion = 11.7.0;
			};
		};
		38C868472D4076F3001653CD /* XCRemoteSwiftPackageReference "GoogleSignIn-iOS" */ = {
			isa = XCRemoteSwiftPackageReference;
			repositoryURL = "https://github.com/google/GoogleSignIn-iOS";
			requirement = {
				kind = upToNextMajorVersion;
				minimumVersion = 8.0.0;
			};
		};
/* End XCRemoteSwiftPackageReference section */

/* Begin XCSwiftPackageProductDependency section */
		3878C2572D418AB6001B88D2 /* FirebaseAnalytics */ = {
			isa = XCSwiftPackageProductDependency;
			package = 38C866E82D40212C001653CD /* XCRemoteSwiftPackageReference "firebase-ios-sdk" */;
			productName = FirebaseAnalytics;
		};
		3878C2592D418AB6001B88D2 /* FirebaseAuth */ = {
			isa = XCSwiftPackageProductDependency;
			package = 38C866E82D40212C001653CD /* XCRemoteSwiftPackageReference "firebase-ios-sdk" */;
			productName = FirebaseAuth;
		};
		3878C25B2D418AB6001B88D2 /* FirebaseCore */ = {
			isa = XCSwiftPackageProductDependency;
			package = 38C866E82D40212C001653CD /* XCRemoteSwiftPackageReference "firebase-ios-sdk" */;
			productName = FirebaseCore;
		};
		3878C25D2D418AB6001B88D2 /* FirebaseDatabase */ = {
			isa = XCSwiftPackageProductDependency;
			package = 38C866E82D40212C001653CD /* XCRemoteSwiftPackageReference "firebase-ios-sdk" */;
			productName = FirebaseDatabase;
		};
		3878C25F2D418AB6001B88D2 /* FirebaseFirestore */ = {
			isa = XCSwiftPackageProductDependency;
			package = 38C866E82D40212C001653CD /* XCRemoteSwiftPackageReference "firebase-ios-sdk" */;
			productName = FirebaseFirestore;
		};
		3878C2612D418AB6001B88D2 /* FirebaseStorage */ = {
			isa = XCSwiftPackageProductDependency;
			package = 38C866E82D40212C001653CD /* XCRemoteSwiftPackageReference "firebase-ios-sdk" */;
			productName = FirebaseStorage;
		};
		3878C2632D418ACA001B88D2 /* GoogleSignIn */ = {
			isa = XCSwiftPackageProductDependency;
			package = 38C868472D4076F3001653CD /* XCRemoteSwiftPackageReference "GoogleSignIn-iOS" */;
			productName = GoogleSignIn;
		};
		3878C2652D418ACA001B88D2 /* GoogleSignInSwift */ = {
			isa = XCSwiftPackageProductDependency;
			package = 38C868472D4076F3001653CD /* XCRemoteSwiftPackageReference "GoogleSignIn-iOS" */;
			productName = GoogleSignInSwift;
		};
		3878C2692D418B92001B88D2 /* FirebaseAppCheck */ = {
			isa = XCSwiftPackageProductDependency;
			package = 38C866E82D40212C001653CD /* XCRemoteSwiftPackageReference "firebase-ios-sdk" */;
			productName = FirebaseAppCheck;
		};
		3878C26B2D418B92001B88D2 /* FirebaseAppDistribution-Beta */ = {
			isa = XCSwiftPackageProductDependency;
			package = 38C866E82D40212C001653CD /* XCRemoteSwiftPackageReference "firebase-ios-sdk" */;
			productName = "FirebaseAppDistribution-Beta";
		};
		3878C2C32D48410D001B88D2 /* FirebaseAuthCombine-Community */ = {
			isa = XCSwiftPackageProductDependency;
			package = 38C866E82D40212C001653CD /* XCRemoteSwiftPackageReference "firebase-ios-sdk" */;
			productName = "FirebaseAuthCombine-Community";
		};
		3878C2C52D48410D001B88D2 /* FirebaseFirestoreCombine-Community */ = {
			isa = XCSwiftPackageProductDependency;
			package = 38C866E82D40212C001653CD /* XCRemoteSwiftPackageReference "firebase-ios-sdk" */;
			productName = "FirebaseFirestoreCombine-Community";
		};
		3878C2C72D48410D001B88D2 /* FirebaseFunctions */ = {
			isa = XCSwiftPackageProductDependency;
			package = 38C866E82D40212C001653CD /* XCRemoteSwiftPackageReference "firebase-ios-sdk" */;
			productName = FirebaseFunctions;
		};
		3878C2C92D48410D001B88D2 /* FirebaseFunctionsCombine-Community */ = {
			isa = XCSwiftPackageProductDependency;
			package = 38C866E82D40212C001653CD /* XCRemoteSwiftPackageReference "firebase-ios-sdk" */;
			productName = "FirebaseFunctionsCombine-Community";
		};
		3878C2CB2D48410D001B88D2 /* FirebaseInAppMessaging-Beta */ = {
			isa = XCSwiftPackageProductDependency;
			package = 38C866E82D40212C001653CD /* XCRemoteSwiftPackageReference "firebase-ios-sdk" */;
			productName = "FirebaseInAppMessaging-Beta";
		};
		3878C2CD2D48410D001B88D2 /* FirebaseInstallations */ = {
			isa = XCSwiftPackageProductDependency;
			package = 38C866E82D40212C001653CD /* XCRemoteSwiftPackageReference "firebase-ios-sdk" */;
			productName = FirebaseInstallations;
		};
		3878C2CF2D48410D001B88D2 /* FirebaseRemoteConfig */ = {
			isa = XCSwiftPackageProductDependency;
			package = 38C866E82D40212C001653CD /* XCRemoteSwiftPackageReference "firebase-ios-sdk" */;
			productName = FirebaseRemoteConfig;
		};
		3878C2D12D48410D001B88D2 /* FirebaseStorageCombine-Community */ = {
			isa = XCSwiftPackageProductDependency;
			package = 38C866E82D40212C001653CD /* XCRemoteSwiftPackageReference "firebase-ios-sdk" */;
			productName = "FirebaseStorageCombine-Community";
		};
		3878C2D32D48410D001B88D2 /* FirebaseVertexAI */ = {
			isa = XCSwiftPackageProductDependency;
			package = 38C866E82D40212C001653CD /* XCRemoteSwiftPackageReference "firebase-ios-sdk" */;
			productName = FirebaseVertexAI;
		};
/* End XCSwiftPackageProductDependency section */
	};
	rootObject = 38C866AF2D401B66001653CD /* Project object */;
}
